
Microsoft Visual Studio Solution File, Format Version 12.00
# Visual Studio Version 17
VisualStudioVersion = 17.7.34221.43
MinimumVisualStudioVersion = 10.0.40219.1
Project("{FAE04EC0-301F-11D3-BF4B-00C04F79EFBC}") = "Practise_Project_29_Nov", "Practise_Project_29_Nov\Practise_Project_29_Nov.csproj", "{ECBD4618-93C3-49F8-BC5A-6835277ED5CA}"
EndProject
Global
	GlobalSection(SolutionConfigurationPlatforms) = preSolution
		Debug|Any CPU = Debug|Any CPU
		Release|Any CPU = Release|Any CPU
	EndGlobalSection
	GlobalSection(ProjectConfigurationPlatforms) = postSolution
		{ECBD4618-93C3-49F8-BC5A-6835277ED5CA}.Debug|Any CPU.ActiveCfg = Debug|Any CPU
		{ECBD4618-93C3-49F8-BC5A-6835277ED5CA}.Debug|Any CPU.Build.0 = Debug|Any CPU
		{ECBD4618-93C3-49F8-BC5A-6835277ED5CA}.Release|Any CPU.ActiveCfg = Release|Any CPU
		{ECBD4618-93C3-49F8-BC5A-6835277ED5CA}.Release|Any CPU.Build.0 = Release|Any CPU
	EndGlobalSection
	GlobalSection(SolutionProperties) = preSolution
		HideSolutionNode = FALSE
	EndGlobalSection
	GlobalSection(ExtensibilityGlobals) = postSolution
		SolutionGuid = {03CEF97E-4445-4719-8BA5-AF68E457A235}
	EndGlobalSection
EndGlobal
